NeoBundleLock Colour-Sampler-Pack 05cded87b2ef29aaa9e930230bb88e23abff4441
NeoBundleLock Dockerfile.vim 5d9ad157fa499798435cb90efc6a30d88aa16462
NeoBundleLock Omnisharp-vim 5f878e62d069cd8899e41417bdf89bba191bb250
NeoBundleLock ag.vim 994c27dd8f237573208548e7480e39b24ccbbfba
NeoBundleLock ctrlp.vim 564176f01d7f3f7f8ab452ff4e1f5314de7b0981
NeoBundleLock deoplete.vim 8cf31618977a544c097c8caeda864c07e2d5b47d
NeoBundleLock editorconfig-vim 6e7011712398e53671e5a44edefeb68914562a3a
NeoBundleLock elm.vim 5f8c518cb0c0d3dc9a54a5074b618f897ee34ef9
NeoBundleLock neobundle.vim 6bf4fa1cf3cebfed76f5e300949faef0b78fbfbc
NeoBundleLock neocomplete.vim 890d68ad85f30dbe449a9e58a8646b1f6d7a7f6e
NeoBundleLock nerdtree 15445be5fb2559829ac7a1f05af5d713586e8ec9
NeoBundleLock nerdtree-git-plugin e71e62fb5ca3e49035a7f2a85c81e5b85b1cf138
NeoBundleLock php.vim 85388c06254148929fb1726da6468f614b6168c0
NeoBundleLock rust.vim 115d321d383eb96d438466c56cc871fcc1bd0faa
NeoBundleLock syntastic 822cb14be50bf0551860b84c07190eb5a2529c37
NeoBundleLock tagbar 7b36c46d17d57db34fdb0adac9ba6382d0bb5e66
NeoBundleLock vim-abolish 0d6316824906725418b5532b19314cc40eb224eb
NeoBundleLock vim-commentary 73e0d9a9d1f51b6cc9dc965f62669194ae851cb1
NeoBundleLock vim-dispatch fc8d1e68cd58fb3ffdd56109bf855cda92b10b70
NeoBundleLock vim-elixir fe61852c744627394c8845925dfba39aa6ac1ca4
NeoBundleLock vim-flagship 77342d7c268bede0a7a1ed6c6090c5543230c6b4
NeoBundleLock vim-fugitive 3439f999b138254e4bb56187fc91f91f545b4b12
NeoBundleLock vim-javascript d7f4728f830173d5894009771432d329d9098f17
NeoBundleLock vim-less 6e818d5614d5fc18d95a48c92b89e6db39f9e3d6
NeoBundleLock vim-repeat 7a6675f092842c8f81e71d5345bd7cdbf3759415
NeoBundleLock vim-unimpaired 11dc568dbfd7a56866a4354c737515769f08e9fe
