NeoBundleLock Colour-Sampler-Pack 05cded87b2ef29aaa9e930230bb88e23abff4441
NeoBundleLock Dockerfile.vim edb7814a98789afabebefb75ba00550021a21b5c
NeoBundleLock Omnisharp-vim 1107f3a5df0363fbfd6db7f1643eeebc1515a318
NeoBundleLock ag.vim e70862d6436e8d7e9166208a703b5d60a5b384ab
NeoBundleLock ctrlp.vim b5d3fe66a58a13d2ff8b6391f4387608496a030f
NeoBundleLock editorconfig-vim 0b4c29ac142d08a9cf9e1c9c637547e824311108
NeoBundleLock elm.vim 916842745a73c73d25437ca17b88f32d8c944e1d
NeoBundleLock neobundle.vim 02bd438c42748980d21f6a01860f383e9cc62335
NeoBundleLock nerdtree af85499edace2acca27ce41790ac333f62b689bb
NeoBundleLock nerdtree-git-plugin 932552ee295971cfb202c3b360319cb56e4ba6f0
NeoBundleLock php.vim f48f0743842d0b80599998a50a3b56be56b8e36d
NeoBundleLock rust.vim fa1bccc2bfc223326fb28869ed0461f39c7fa04a
NeoBundleLock syntastic cb9424c9ec241ee07e8c9b2231fe086f0d22ecc2
NeoBundleLock tagbar 7b36c46d17d57db34fdb0adac9ba6382d0bb5e66
NeoBundleLock vim-commentary 7fb632aab475b1d2560fe18a329742ba3b4725c6
NeoBundleLock vim-dispatch e8c075f30d6e003e94c6bab6e37d4e5f7f6056cc
NeoBundleLock vim-elixir c56bd82ef7921f6335b984a7ef3105d8ee2e5660
NeoBundleLock vim-flagship 4a4bd24deec8c3c42bc57ae26b317539ae1507e9
NeoBundleLock vim-fugitive e065e4f841f4a033ac9a6156573a446007617b1d
NeoBundleLock vim-javascript bab4f3944fb6ef0953991ddfb6c734219c95b83a
NeoBundleLock vim-less 55a98f0df05195b0addb76b0d5479d421f72d104
NeoBundleLock vim-unimpaired 1ec6af944e3bac5f8ccf0bfa18692a83828bde04
